
Microsoft Visual Studio Solution File, Format Version 12.00
# Visual Studio 15
VisualStudioVersion = 15.0.28307.102
MinimumVisualStudioVersion = 10.0.40219.1
Project("{8BC9CEB8-8B4A-11D0-8D11-00A0C91BC942}") = "Coursework", "Coursework\Coursework.vcxproj", "{49C5EDF6-C149-4F20-806C-954195D98E82}"
EndProject
Global
	GlobalSection(SolutionConfigurationPlatforms) = preSolution
		Debug|x64 = Debug|x64
		Debug|x86 = Debug|x86
		Release|x64 = Release|x64
		Release|x86 = Release|x86
	EndGlobalSection
	GlobalSection(ProjectConfigurationPlatforms) = postSolution
		{49C5EDF6-C149-4F20-806C-954195D98E82}.Debug|x64.ActiveCfg = Debug|x64
		{49C5EDF6-C149-4F20-806C-954195D98E82}.Debug|x64.Build.0 = Debug|x64
		{49C5EDF6-C149-4F20-806C-954195D98E82}.Debug|x86.ActiveCfg = Debug|Win32
		{49C5EDF6-C149-4F20-806C-954195D98E82}.Debug|x86.Build.0 = Debug|Win32
		{49C5EDF6-C149-4F20-806C-954195D98E82}.Release|x64.ActiveCfg = Release|x64
		{49C5EDF6-C149-4F20-806C-954195D98E82}.Release|x64.Build.0 = Release|x64
		{49C5EDF6-C149-4F20-806C-954195D98E82}.Release|x86.ActiveCfg = Release|Win32
		{49C5EDF6-C149-4F20-806C-954195D98E82}.Release|x86.Build.0 = Release|Win32
	EndGlobalSection
	GlobalSection(SolutionProperties) = preSolution
		HideSolutionNode = FALSE
	EndGlobalSection
	GlobalSection(ExtensibilityGlobals) = postSolution
		SolutionGuid = {567A6761-9A64-497A-82DF-88B0570170CD}
	EndGlobalSection
EndGlobal
